
Microsoft Visual Studio Solution File, Format Version 12.00
# Visual Studio Version 17
VisualStudioVersion = 17.11.35219.272
MinimumVisualStudioVersion = 10.0.40219.1
Project("{FAE04EC0-301F-11D3-BF4B-00C04F79EFBC}") = "Expense log", "Expense log.csproj", "{548959AB-32F3-49D7-9A3D-4CE8547071EF}"
EndProject
Global
	GlobalSection(SolutionConfigurationPlatforms) = preSolution
		Debug|Any CPU = Debug|Any CPU
		Release|Any CPU = Release|Any CPU
	EndGlobalSection
	GlobalSection(ProjectConfigurationPlatforms) = postSolution
		{548959AB-32F3-49D7-9A3D-4CE8547071EF}.Debug|Any CPU.ActiveCfg = Debug|Any CPU
		{548959AB-32F3-49D7-9A3D-4CE8547071EF}.Debug|Any CPU.Build.0 = Debug|Any CPU
		{548959AB-32F3-49D7-9A3D-4CE8547071EF}.Release|Any CPU.ActiveCfg = Release|Any CPU
		{548959AB-32F3-49D7-9A3D-4CE8547071EF}.Release|Any CPU.Build.0 = Release|Any CPU
	EndGlobalSection
	GlobalSection(SolutionProperties) = preSolution
		HideSolutionNode = FALSE
	EndGlobalSection
	GlobalSection(ExtensibilityGlobals) = postSolution
		SolutionGuid = {A560C59E-01BD-4A40-B70E-019134451E88}
	EndGlobalSection
EndGlobal
